
Microsoft Visual Studio Solution File, Format Version 12.00
# Visual Studio Version 17
VisualStudioVersion = 17.8.34316.72
MinimumVisualStudioVersion = 10.0.40219.1
Project("{8BC9CEB8-8B4A-11D0-8D11-00A0C91BC942}") = "Prosit_5", "Prosit_5\Prosit_5.vcxproj", "{1B815456-4814-4E8C-B4EF-F159807A39CE}"
EndProject
Global
	GlobalSection(SolutionConfigurationPlatforms) = preSolution
		Debug|x64 = Debug|x64
		Debug|x86 = Debug|x86
		Release|x64 = Release|x64
		Release|x86 = Release|x86
	EndGlobalSection
	GlobalSection(ProjectConfigurationPlatforms) = postSolution
		{1B815456-4814-4E8C-B4EF-F159807A39CE}.Debug|x64.ActiveCfg = Debug|x64
		{1B815456-4814-4E8C-B4EF-F159807A39CE}.Debug|x64.Build.0 = Debug|x64
		{1B815456-4814-4E8C-B4EF-F159807A39CE}.Debug|x86.ActiveCfg = Debug|Win32
		{1B815456-4814-4E8C-B4EF-F159807A39CE}.Debug|x86.Build.0 = Debug|Win32
		{1B815456-4814-4E8C-B4EF-F159807A39CE}.Release|x64.ActiveCfg = Release|x64
		{1B815456-4814-4E8C-B4EF-F159807A39CE}.Release|x64.Build.0 = Release|x64
		{1B815456-4814-4E8C-B4EF-F159807A39CE}.Release|x86.ActiveCfg = Release|Win32
		{1B815456-4814-4E8C-B4EF-F159807A39CE}.Release|x86.Build.0 = Release|Win32
	EndGlobalSection
	GlobalSection(SolutionProperties) = preSolution
		HideSolutionNode = FALSE
	EndGlobalSection
	GlobalSection(ExtensibilityGlobals) = postSolution
		SolutionGuid = {E831F76F-1017-48FA-83A8-25019D04582F}
	EndGlobalSection
EndGlobal
